
Microsoft Visual Studio Solution File, Format Version 12.00
# Visual Studio Version 16
VisualStudioVersion = 16.0.31424.327
MinimumVisualStudioVersion = 10.0.40219.1
Project("{FAE04EC0-301F-11D3-BF4B-00C04F79EFBC}") = "Week2Day3", "Week2Day3\Week2Day3.csproj", "{0A002D7B-50AE-4C65-B79D-D053D3EA6076}"
EndProject
Project("{FAE04EC0-301F-11D3-BF4B-00C04F79EFBC}") = "Esercizio1", "Esercizio1\Esercizio1.csproj", "{0D7FFC4D-F413-4199-878F-20B41FF046A9}"
EndProject
Project("{FAE04EC0-301F-11D3-BF4B-00C04F79EFBC}") = "Esercizio2", "Esercizio2\Esercizio2.csproj", "{DAE1CA8A-AB74-4898-9D1E-E52C8B38568D}"
EndProject
Global
	GlobalSection(SolutionConfigurationPlatforms) = preSolution
		Debug|Any CPU = Debug|Any CPU
		Release|Any CPU = Release|Any CPU
	EndGlobalSection
	GlobalSection(ProjectConfigurationPlatforms) = postSolution
		{0A002D7B-50AE-4C65-B79D-D053D3EA6076}.Debug|Any CPU.ActiveCfg = Debug|Any CPU
		{0A002D7B-50AE-4C65-B79D-D053D3EA6076}.Debug|Any CPU.Build.0 = Debug|Any CPU
		{0A002D7B-50AE-4C65-B79D-D053D3EA6076}.Release|Any CPU.ActiveCfg = Release|Any CPU
		{0A002D7B-50AE-4C65-B79D-D053D3EA6076}.Release|Any CPU.Build.0 = Release|Any CPU
		{0D7FFC4D-F413-4199-878F-20B41FF046A9}.Debug|Any CPU.ActiveCfg = Debug|Any CPU
		{0D7FFC4D-F413-4199-878F-20B41FF046A9}.Debug|Any CPU.Build.0 = Debug|Any CPU
		{0D7FFC4D-F413-4199-878F-20B41FF046A9}.Release|Any CPU.ActiveCfg = Release|Any CPU
		{0D7FFC4D-F413-4199-878F-20B41FF046A9}.Release|Any CPU.Build.0 = Release|Any CPU
		{DAE1CA8A-AB74-4898-9D1E-E52C8B38568D}.Debug|Any CPU.ActiveCfg = Debug|Any CPU
		{DAE1CA8A-AB74-4898-9D1E-E52C8B38568D}.Debug|Any CPU.Build.0 = Debug|Any CPU
		{DAE1CA8A-AB74-4898-9D1E-E52C8B38568D}.Release|Any CPU.ActiveCfg = Release|Any CPU
		{DAE1CA8A-AB74-4898-9D1E-E52C8B38568D}.Release|Any CPU.Build.0 = Release|Any CPU
	EndGlobalSection
	GlobalSection(SolutionProperties) = preSolution
		HideSolutionNode = FALSE
	EndGlobalSection
	GlobalSection(ExtensibilityGlobals) = postSolution
		SolutionGuid = {38E21F27-C326-453D-A45C-00BE94D128BA}
	EndGlobalSection
EndGlobal
